
Microsoft Visual Studio Solution File, Format Version 12.00
# Visual Studio Version 16
VisualStudioVersion = 16.0.29806.167
MinimumVisualStudioVersion = 10.0.40219.1
Project("{FAE04EC0-301F-11D3-BF4B-00C04F79EFBC}") = "ExpressionTrees", "ExpressionTrees\ExpressionTrees.csproj", "{E3F641B8-B4AE-492C-91CB-D9AB64C39EBE}"
EndProject
Global
	GlobalSection(SolutionConfigurationPlatforms) = preSolution
		Debug|Any CPU = Debug|Any CPU
		Release|Any CPU = Release|Any CPU
	EndGlobalSection
	GlobalSection(ProjectConfigurationPlatforms) = postSolution
		{E3F641B8-B4AE-492C-91CB-D9AB64C39EBE}.Debug|Any CPU.ActiveCfg = Debug|Any CPU
		{E3F641B8-B4AE-492C-91CB-D9AB64C39EBE}.Debug|Any CPU.Build.0 = Debug|Any CPU
		{E3F641B8-B4AE-492C-91CB-D9AB64C39EBE}.Release|Any CPU.ActiveCfg = Release|Any CPU
		{E3F641B8-B4AE-492C-91CB-D9AB64C39EBE}.Release|Any CPU.Build.0 = Release|Any CPU
	EndGlobalSection
	GlobalSection(SolutionProperties) = preSolution
		HideSolutionNode = FALSE
	EndGlobalSection
	GlobalSection(ExtensibilityGlobals) = postSolution
		SolutionGuid = {2013204A-4244-4B40-A78A-6DE7A981804E}
	EndGlobalSection
EndGlobal
